
Microsoft Visual Studio Solution File, Format Version 12.00
# Visual Studio 15
Project("{FAE04EC0-301F-11D3-BF4B-00C04F79EFBC}") = "FormsBarebone.Android", "FormsBarebone.Android\FormsBarebone.Android.csproj", "{4F46A65E-F028-48CA-A036-DAE97B9946C8}"
EndProject
Project("{FAE04EC0-301F-11D3-BF4B-00C04F79EFBC}") = "FormsBarebone", "FormsBarebone\FormsBarebone.csproj", "{BD456CA4-5C5C-4214-AF21-735DEB4EBD57}"
EndProject
Global
	GlobalSection(SolutionConfigurationPlatforms) = preSolution
		Debug|Any CPU = Debug|Any CPU
		Release|Any CPU = Release|Any CPU
	EndGlobalSection
	GlobalSection(ProjectConfigurationPlatforms) = postSolution
		{4F46A65E-F028-48CA-A036-DAE97B9946C8}.Debug|Any CPU.ActiveCfg = Debug|Any CPU
		{4F46A65E-F028-48CA-A036-DAE97B9946C8}.Debug|Any CPU.Build.0 = Debug|Any CPU
		{4F46A65E-F028-48CA-A036-DAE97B9946C8}.Release|Any CPU.ActiveCfg = Release|Any CPU
		{4F46A65E-F028-48CA-A036-DAE97B9946C8}.Release|Any CPU.Build.0 = Release|Any CPU
		{BD456CA4-5C5C-4214-AF21-735DEB4EBD57}.Debug|Any CPU.ActiveCfg = Debug|Any CPU
		{BD456CA4-5C5C-4214-AF21-735DEB4EBD57}.Debug|Any CPU.Build.0 = Debug|Any CPU
		{BD456CA4-5C5C-4214-AF21-735DEB4EBD57}.Release|Any CPU.ActiveCfg = Release|Any CPU
		{BD456CA4-5C5C-4214-AF21-735DEB4EBD57}.Release|Any CPU.Build.0 = Release|Any CPU
	EndGlobalSection
EndGlobal
